
Microsoft Visual Studio Solution File, Format Version 12.00
# Visual Studio Version 17
VisualStudioVersion = 17.14.36202.13 d17.14
MinimumVisualStudioVersion = 10.0.40219.1
Project("{FAE04EC0-301F-11D3-BF4B-00C04F79EFBC}") = "Decorator", "Decorator.csproj", "{51DAAE8B-DB3C-49DB-A039-3FAF7131B859}"
EndProject
Global
	GlobalSection(SolutionConfigurationPlatforms) = preSolution
		Debug|Any CPU = Debug|Any CPU
		Release|Any CPU = Release|Any CPU
	EndGlobalSection
	GlobalSection(ProjectConfigurationPlatforms) = postSolution
		{51DAAE8B-DB3C-49DB-A039-3FAF7131B859}.Debug|Any CPU.ActiveCfg = Debug|Any CPU
		{51DAAE8B-DB3C-49DB-A039-3FAF7131B859}.Debug|Any CPU.Build.0 = Debug|Any CPU
		{51DAAE8B-DB3C-49DB-A039-3FAF7131B859}.Release|Any CPU.ActiveCfg = Release|Any CPU
		{51DAAE8B-DB3C-49DB-A039-3FAF7131B859}.Release|Any CPU.Build.0 = Release|Any CPU
	EndGlobalSection
	GlobalSection(SolutionProperties) = preSolution
		HideSolutionNode = FALSE
	EndGlobalSection
	GlobalSection(ExtensibilityGlobals) = postSolution
		SolutionGuid = {C377957A-E457-4DF7-9E72-A6CE9891537B}
	EndGlobalSection
EndGlobal
