
Microsoft Visual Studio Solution File, Format Version 12.00
# Visual Studio Version 16
VisualStudioVersion = 16.0.37327.17
MinimumVisualStudioVersion = 10.0.40219.1
Project("{FAE04EC0-301F-11D3-BF4B-00C04F79EFBC}") = "Class9", "Class9.csproj", "{F8234860-27EB-4207-90E2-3B0CC8EFD220}"
EndProject
Global
	GlobalSection(SolutionConfigurationPlatforms) = preSolution
		Debug|Any CPU = Debug|Any CPU
		Release|Any CPU = Release|Any CPU
	EndGlobalSection
	GlobalSection(ProjectConfigurationPlatforms) = postSolution
		{F8234860-27EB-4207-90E2-3B0CC8EFD220}.Debug|Any CPU.ActiveCfg = Debug|Any CPU
		{F8234860-27EB-4207-90E2-3B0CC8EFD220}.Debug|Any CPU.Build.0 = Debug|Any CPU
		{F8234860-27EB-4207-90E2-3B0CC8EFD220}.Release|Any CPU.ActiveCfg = Release|Any CPU
		{F8234860-27EB-4207-90E2-3B0CC8EFD220}.Release|Any CPU.Build.0 = Release|Any CPU
	EndGlobalSection
	GlobalSection(SolutionProperties) = preSolution
		HideSolutionNode = FALSE
	EndGlobalSection
	GlobalSection(ExtensibilityGlobals) = postSolution
		SolutionGuid = {659A593B-0495-4A6B-A2EE-538A0B7BB031}
	EndGlobalSection
EndGlobal
